
Microsoft Visual Studio Solution File, Format Version 12.00
# Visual Studio Version 17
VisualStudioVersion = 17.0.32014.148
MinimumVisualStudioVersion = 10.0.40219.1
Project("{9A19103F-16F7-4668-BE54-9A1E7A4F7556}") = "ETrader.API", "ETrader.API\ETrader.API.csproj", "{27E8C660-40DD-4A42-BE72-D011F7F921EA}"
EndProject
Project("{9A19103F-16F7-4668-BE54-9A1E7A4F7556}") = "ETrader.DAL", "ETrader.DAL\ETrader.DAL.csproj", "{5B845FE5-136F-467F-9A50-4587D108BE59}"
EndProject
Project("{9A19103F-16F7-4668-BE54-9A1E7A4F7556}") = "ETrader.Business", "ETrader.Business\ETrader.Business.csproj", "{14BFE3E4-BB6C-4C87-940B-4A9E91CA7ABF}"
EndProject
Project("{9A19103F-16F7-4668-BE54-9A1E7A4F7556}") = "ETrader.ViewModel", "ETrader.ViewModel\ETrader.ViewModel.csproj", "{E95DF019-8CC7-4B4E-A942-E25C1553C330}"
EndProject
Global
	GlobalSection(SolutionConfigurationPlatforms) = preSolution
		Debug|Any CPU = Debug|Any CPU
		Release|Any CPU = Release|Any CPU
	EndGlobalSection
	GlobalSection(ProjectConfigurationPlatforms) = postSolution
		{27E8C660-40DD-4A42-BE72-D011F7F921EA}.Debug|Any CPU.ActiveCfg = Debug|Any CPU
		{27E8C660-40DD-4A42-BE72-D011F7F921EA}.Debug|Any CPU.Build.0 = Debug|Any CPU
		{27E8C660-40DD-4A42-BE72-D011F7F921EA}.Release|Any CPU.ActiveCfg = Release|Any CPU
		{27E8C660-40DD-4A42-BE72-D011F7F921EA}.Release|Any CPU.Build.0 = Release|Any CPU
		{5B845FE5-136F-467F-9A50-4587D108BE59}.Debug|Any CPU.ActiveCfg = Debug|Any CPU
		{5B845FE5-136F-467F-9A50-4587D108BE59}.Debug|Any CPU.Build.0 = Debug|Any CPU
		{5B845FE5-136F-467F-9A50-4587D108BE59}.Release|Any CPU.ActiveCfg = Release|Any CPU
		{5B845FE5-136F-467F-9A50-4587D108BE59}.Release|Any CPU.Build.0 = Release|Any CPU
		{14BFE3E4-BB6C-4C87-940B-4A9E91CA7ABF}.Debug|Any CPU.ActiveCfg = Debug|Any CPU
		{14BFE3E4-BB6C-4C87-940B-4A9E91CA7ABF}.Debug|Any CPU.Build.0 = Debug|Any CPU
		{14BFE3E4-BB6C-4C87-940B-4A9E91CA7ABF}.Release|Any CPU.ActiveCfg = Release|Any CPU
		{14BFE3E4-BB6C-4C87-940B-4A9E91CA7ABF}.Release|Any CPU.Build.0 = Release|Any CPU
		{E95DF019-8CC7-4B4E-A942-E25C1553C330}.Debug|Any CPU.ActiveCfg = Debug|Any CPU
		{E95DF019-8CC7-4B4E-A942-E25C1553C330}.Debug|Any CPU.Build.0 = Debug|Any CPU
		{E95DF019-8CC7-4B4E-A942-E25C1553C330}.Release|Any CPU.ActiveCfg = Release|Any CPU
		{E95DF019-8CC7-4B4E-A942-E25C1553C330}.Release|Any CPU.Build.0 = Release|Any CPU
	EndGlobalSection
	GlobalSection(SolutionProperties) = preSolution
		HideSolutionNode = FALSE
	EndGlobalSection
	GlobalSection(ExtensibilityGlobals) = postSolution
		SolutionGuid = {9A0533FF-C808-45C2-8499-730C3BF1BF74}
	EndGlobalSection
EndGlobal
